
Microsoft Visual Studio Solution File, Format Version 12.00
# Visual Studio Version 17
VisualStudioVersion = 17.0.31903.59
MinimumVisualStudioVersion = 10.0.40219.1
Project("{FAE04EC0-301F-11D3-BF4B-00C04F79EFBC}") = "Zadanie7.1", "Zadanie7.1\Zadanie7.1.csproj", "{F97C34A5-007E-41CD-AD1D-852EAA6A328E}"
EndProject
Project("{FAE04EC0-301F-11D3-BF4B-00C04F79EFBC}") = "Zadanie 7.2", "Zadanie 7.2\Zadanie 7.2.csproj", "{BF65F89F-515D-44C6-8C4E-F3B9C12C8CDE}"
EndProject
Global
	GlobalSection(SolutionConfigurationPlatforms) = preSolution
		Debug|Any CPU = Debug|Any CPU
		Release|Any CPU = Release|Any CPU
	EndGlobalSection
	GlobalSection(ProjectConfigurationPlatforms) = postSolution
		{F97C34A5-007E-41CD-AD1D-852EAA6A328E}.Debug|Any CPU.ActiveCfg = Debug|Any CPU
		{F97C34A5-007E-41CD-AD1D-852EAA6A328E}.Debug|Any CPU.Build.0 = Debug|Any CPU
		{F97C34A5-007E-41CD-AD1D-852EAA6A328E}.Release|Any CPU.ActiveCfg = Release|Any CPU
		{F97C34A5-007E-41CD-AD1D-852EAA6A328E}.Release|Any CPU.Build.0 = Release|Any CPU
		{BF65F89F-515D-44C6-8C4E-F3B9C12C8CDE}.Debug|Any CPU.ActiveCfg = Debug|Any CPU
		{BF65F89F-515D-44C6-8C4E-F3B9C12C8CDE}.Debug|Any CPU.Build.0 = Debug|Any CPU
		{BF65F89F-515D-44C6-8C4E-F3B9C12C8CDE}.Release|Any CPU.ActiveCfg = Release|Any CPU
		{BF65F89F-515D-44C6-8C4E-F3B9C12C8CDE}.Release|Any CPU.Build.0 = Release|Any CPU
	EndGlobalSection
	GlobalSection(SolutionProperties) = preSolution
		HideSolutionNode = FALSE
	EndGlobalSection
	GlobalSection(ExtensibilityGlobals) = postSolution
		SolutionGuid = {2F771CBC-7002-4B26-9A07-24523DCD83DF}
	EndGlobalSection
EndGlobal
